
Microsoft Visual Studio Solution File, Format Version 12.00
# Visual Studio Version 16
VisualStudioVersion = 16.0.810.16
MinimumVisualStudioVersion = 10.0.40219.1
Project("{FAE04EC0-301F-11D3-BF4B-00C04F79EFBC}") = "OrganicNutritionRecipes", "OrganicNutritionRecipes\OrganicNutritionRecipes.csproj", "{5A8CB6C5-0BE5-47A2-B3AD-E443C5C62941}"
EndProject
Global
	GlobalSection(SolutionConfigurationPlatforms) = preSolution
		Debug|Any CPU = Debug|Any CPU
		Release|Any CPU = Release|Any CPU
	EndGlobalSection
	GlobalSection(ProjectConfigurationPlatforms) = postSolution
		{5A8CB6C5-0BE5-47A2-B3AD-E443C5C62941}.Debug|Any CPU.ActiveCfg = Debug|Any CPU
		{5A8CB6C5-0BE5-47A2-B3AD-E443C5C62941}.Debug|Any CPU.Build.0 = Debug|Any CPU
		{5A8CB6C5-0BE5-47A2-B3AD-E443C5C62941}.Release|Any CPU.ActiveCfg = Release|Any CPU
		{5A8CB6C5-0BE5-47A2-B3AD-E443C5C62941}.Release|Any CPU.Build.0 = Release|Any CPU
	EndGlobalSection
	GlobalSection(SolutionProperties) = preSolution
		HideSolutionNode = FALSE
	EndGlobalSection
	GlobalSection(ExtensibilityGlobals) = postSolution
		SolutionGuid = {AE392891-4B45-42E1-B3C8-B6C729B63AD1}
	EndGlobalSection
EndGlobal
